
Microsoft Visual Studio Solution File, Format Version 12.00
# Visual Studio Version 17
VisualStudioVersion = 17.1.32328.378
MinimumVisualStudioVersion = 10.0.40219.1
Project("{9A19103F-16F7-4668-BE54-9A1E7A4F7556}") = "LeoDB", "LeoDB\LeoDB.csproj", "{9497DA19-1FCA-4C2E-A1AB-8DFAACBC76E1}"
EndProject
Project("{9A19103F-16F7-4668-BE54-9A1E7A4F7556}") = "LeoDB.Shell", "LeoDB.Shell\LeoDB.Shell.csproj", "{99887C89-CAE4-4A8D-AC4B-87E28B9B1F87}"
EndProject
Project("{9A19103F-16F7-4668-BE54-9A1E7A4F7556}") = "LeoDB.Benchmarks", "LeoDB.Benchmarks\LeoDB.Benchmarks.csproj", "{DF9C82C1-446F-458A-AA50-78E58BA17273}"
EndProject
Project("{9A19103F-16F7-4668-BE54-9A1E7A4F7556}") = "LeoDB.Stress", "LeoDB.Stress\LeoDB.Stress.csproj", "{FFBC5669-DA32-4907-8793-7B414279DA3B}"
EndProject
Project("{FAE04EC0-301F-11D3-BF4B-00C04F79EFBC}") = "LeoDB.Try", "LeoDB.Try\LeoDB.Try.csproj", "{B6E0C872-3EA3-4FA7-81FB-9A8EC22C58F7}"
EndProject
Global
	GlobalSection(SolutionConfigurationPlatforms) = preSolution
		Debug|Any CPU = Debug|Any CPU
		Release|Any CPU = Release|Any CPU
	EndGlobalSection
	GlobalSection(ProjectConfigurationPlatforms) = postSolution
		{9497DA19-1FCA-4C2E-A1AB-8DFAACBC76E1}.Debug|Any CPU.ActiveCfg = Debug|Any CPU
		{9497DA19-1FCA-4C2E-A1AB-8DFAACBC76E1}.Debug|Any CPU.Build.0 = Debug|Any CPU
		{9497DA19-1FCA-4C2E-A1AB-8DFAACBC76E1}.Release|Any CPU.ActiveCfg = Release|Any CPU
		{9497DA19-1FCA-4C2E-A1AB-8DFAACBC76E1}.Release|Any CPU.Build.0 = Release|Any CPU
		{99887C89-CAE4-4A8D-AC4B-87E28B9B1F87}.Debug|Any CPU.ActiveCfg = Debug|Any CPU
		{99887C89-CAE4-4A8D-AC4B-87E28B9B1F87}.Debug|Any CPU.Build.0 = Debug|Any CPU
		{99887C89-CAE4-4A8D-AC4B-87E28B9B1F87}.Release|Any CPU.ActiveCfg = Release|Any CPU
		{99887C89-CAE4-4A8D-AC4B-87E28B9B1F87}.Release|Any CPU.Build.0 = Release|Any CPU
		{DF9C82C1-446F-458A-AA50-78E58BA17273}.Debug|Any CPU.ActiveCfg = Debug|Any CPU
		{DF9C82C1-446F-458A-AA50-78E58BA17273}.Debug|Any CPU.Build.0 = Debug|Any CPU
		{DF9C82C1-446F-458A-AA50-78E58BA17273}.Release|Any CPU.ActiveCfg = Release|Any CPU
		{DF9C82C1-446F-458A-AA50-78E58BA17273}.Release|Any CPU.Build.0 = Release|Any CPU
		{FFBC5669-DA32-4907-8793-7B414279DA3B}.Debug|Any CPU.ActiveCfg = Debug|Any CPU
		{FFBC5669-DA32-4907-8793-7B414279DA3B}.Debug|Any CPU.Build.0 = Debug|Any CPU
		{FFBC5669-DA32-4907-8793-7B414279DA3B}.Release|Any CPU.ActiveCfg = Release|Any CPU
		{FFBC5669-DA32-4907-8793-7B414279DA3B}.Release|Any CPU.Build.0 = Release|Any CPU
		{B6E0C872-3EA3-4FA7-81FB-9A8EC22C58F7}.Debug|Any CPU.ActiveCfg = Debug|Any CPU
		{B6E0C872-3EA3-4FA7-81FB-9A8EC22C58F7}.Debug|Any CPU.Build.0 = Debug|Any CPU
		{B6E0C872-3EA3-4FA7-81FB-9A8EC22C58F7}.Release|Any CPU.ActiveCfg = Release|Any CPU
		{B6E0C872-3EA3-4FA7-81FB-9A8EC22C58F7}.Release|Any CPU.Build.0 = Release|Any CPU
	EndGlobalSection
	GlobalSection(SolutionProperties) = preSolution
		HideSolutionNode = FALSE
	EndGlobalSection
	GlobalSection(ExtensibilityGlobals) = postSolution
		SolutionGuid = {45099B85-2AE1-434B-913A-6AD14FD3AF4A}
	EndGlobalSection
	GlobalSection(Performance) = preSolution
		HasPerformanceSessions = true
	EndGlobalSection
EndGlobal
